[root]
name = "arm-toolkit"
version = "0.0.0"
dependencies = [
 "volatile-register 0.1.2 (registry+https://github.com/rust-lang/crates.io-index)",
]

[[package]]
name = "volatile-register"
version = "0.1.2"
source = "registry+https://github.com/rust-lang/crates.io-index"

[metadata]
"checksum volatile-register 0.1.2 (registry+https://github.com/rust-lang/crates.io-index)" = "a470889aa8f2d3ad893bd43cd90c824e63e8ac0ee5fe64c5d81a932d184fd549"
